
Microsoft Visual Studio Solution File, Format Version 12.00
# Visual Studio 15
VisualStudioVersion = 15.0.27004.2006
MinimumVisualStudioVersion = 10.0.40219.1
Project("{9A19103F-16F7-4668-BE54-9A1E7A4F7556}") = "AspergillosisEPR", "AspergillosisEPR\AspergillosisEPR.csproj", "{001C6B38-8495-424C-AE44-8E4D1DE0AABC}"
EndProject
Project("{9A19103F-16F7-4668-BE54-9A1E7A4F7556}") = "AspergillosisConsumer", "AspergillosisConsumer\AspergillosisConsumer.csproj", "{B4FF49A8-9BA5-44FC-A779-0E798FBB2D28}"
EndProject
Project("{FAE04EC0-301F-11D3-BF4B-00C04F79EFBC}") = "RabbitProducers", "RabbitProducers\RabbitProducers.csproj", "{57A6547A-E845-4C01-9155-9DD89A03F08D}"
EndProject
Global
	GlobalSection(SolutionConfigurationPlatforms) = preSolution
		Debug|Any CPU = Debug|Any CPU
		Release|Any CPU = Release|Any CPU
	EndGlobalSection
	GlobalSection(ProjectConfigurationPlatforms) = postSolution
		{001C6B38-8495-424C-AE44-8E4D1DE0AABC}.Debug|Any CPU.ActiveCfg = Debug|Any CPU
		{001C6B38-8495-424C-AE44-8E4D1DE0AABC}.Debug|Any CPU.Build.0 = Debug|Any CPU
		{001C6B38-8495-424C-AE44-8E4D1DE0AABC}.Release|Any CPU.ActiveCfg = Release|Any CPU
		{001C6B38-8495-424C-AE44-8E4D1DE0AABC}.Release|Any CPU.Build.0 = Release|Any CPU
		{B4FF49A8-9BA5-44FC-A779-0E798FBB2D28}.Debug|Any CPU.ActiveCfg = Debug|Any CPU
		{B4FF49A8-9BA5-44FC-A779-0E798FBB2D28}.Debug|Any CPU.Build.0 = Debug|Any CPU
		{B4FF49A8-9BA5-44FC-A779-0E798FBB2D28}.Release|Any CPU.ActiveCfg = Release|Any CPU
		{B4FF49A8-9BA5-44FC-A779-0E798FBB2D28}.Release|Any CPU.Build.0 = Release|Any CPU
		{57A6547A-E845-4C01-9155-9DD89A03F08D}.Debug|Any CPU.ActiveCfg = Debug|Any CPU
		{57A6547A-E845-4C01-9155-9DD89A03F08D}.Debug|Any CPU.Build.0 = Debug|Any CPU
		{57A6547A-E845-4C01-9155-9DD89A03F08D}.Release|Any CPU.ActiveCfg = Release|Any CPU
		{57A6547A-E845-4C01-9155-9DD89A03F08D}.Release|Any CPU.Build.0 = Release|Any CPU
	EndGlobalSection
	GlobalSection(SolutionProperties) = preSolution
		HideSolutionNode = FALSE
	EndGlobalSection
	GlobalSection(ExtensibilityGlobals) = postSolution
		SolutionGuid = {25A5C160-2D8B-4861-80BE-A1800CBE7A95}
	EndGlobalSection
EndGlobal
