
Microsoft Visual Studio Solution File, Format Version 12.00
# Visual Studio Version 16
VisualStudioVersion = 16.0.29021.104
MinimumVisualStudioVersion = 10.0.40219.1
Project("{9A19103F-16F7-4668-BE54-9A1E7A4F7556}") = "AspergillosisEPR", "AspergillosisEPR\AspergillosisEPR.csproj", "{001C6B38-8495-424C-AE44-8E4D1DE0AABC}"
EndProject
Global
	GlobalSection(SolutionConfigurationPlatforms) = preSolution
		Debug|Any CPU = Debug|Any CPU
		Release|Any CPU = Release|Any CPU
	EndGlobalSection
	GlobalSection(ProjectConfigurationPlatforms) = postSolution
		{001C6B38-8495-424C-AE44-8E4D1DE0AABC}.Debug|Any CPU.ActiveCfg = Debug|Any CPU
		{001C6B38-8495-424C-AE44-8E4D1DE0AABC}.Debug|Any CPU.Build.0 = Debug|Any CPU
		{001C6B38-8495-424C-AE44-8E4D1DE0AABC}.Release|Any CPU.ActiveCfg = Release|Any CPU
		{001C6B38-8495-424C-AE44-8E4D1DE0AABC}.Release|Any CPU.Build.0 = Release|Any CPU
	EndGlobalSection
	GlobalSection(SolutionProperties) = preSolution
		HideSolutionNode = FALSE
	EndGlobalSection
	GlobalSection(ExtensibilityGlobals) = postSolution
		SolutionGuid = {25A5C160-2D8B-4861-80BE-A1800CBE7A95}
	EndGlobalSection
EndGlobal
